// !$*UTF8*$!
{
	archiveVersion = 1;
	classes = {
	};
	objectVersion = 55;
	objects = {

/* Begin PBXBuildFile section */
		4305C12E280526AD003D9EB0 /* CrewMember.swift in Sources */ = {isa = PBXBuildFile; fileRef = 4305C12D280526AD003D9EB0 /* CrewMember.swift */; };
		4305C13028052DE1003D9EB0 /* AstronautView.swift in Sources */ = {isa = PBXBuildFile; fileRef = 4305C12F28052DE1003D9EB0 /* AstronautView.swift */; };
		430B71722803298300B3705C /* MoonshotApp.swift in Sources */ = {isa = PBXBuildFile; fileRef = 430B71712803298300B3705C /* MoonshotApp.swift */; };
		430B71742803298300B3705C /* ContentView.swift in Sources */ = {isa = PBXBuildFile; fileRef = 430B71732803298300B3705C /* ContentView.swift */; };
		430B71762803298700B3705C /* Assets.xcassets in Resources */ = {isa = PBXBuildFile; fileRef = 430B71752803298700B3705C /* Assets.xcassets */; };
		430B71792803298700B3705C /* Preview Assets.xcassets in Resources */ = {isa = PBXBuildFile; fileRef = 430B71782803298700B3705C /* Preview Assets.xcassets */; };
		431055C8280437E3002DF066 /* Color-Theme.swift in Sources */ = {isa = PBXBuildFile; fileRef = 431055C7280437E3002DF066 /* Color-Theme.swift */; };
		43394A3728046BBF0044BAFB /* MissionView.swift in Sources */ = {isa = PBXBuildFile; fileRef = 43394A3628046BBF0044BAFB /* MissionView.swift */; };
		43F542942803BAD000FBF8D7 /* Missions.swift in Sources */ = {isa = PBXBuildFile; fileRef = 43F542932803BAD000FBF8D7 /* Missions.swift */; };
		43F542962803BAEA00FBF8D7 /* Astronauts.swift in Sources */ = {isa = PBXBuildFile; fileRef = 43F542952803BAEA00FBF8D7 /* Astronauts.swift */; };
		43F542992803BAFA00FBF8D7 /* astronauts.json in Resources */ = {isa = PBXBuildFile; fileRef = 43F542972803BAFA00FBF8D7 /* astronauts.json */; };
		43F5429A2803BAFA00FBF8D7 /* missions.json in Resources */ = {isa = PBXBuildFile; fileRef = 43F542982803BAFA00FBF8D7 /* missions.json */; };
		43F5429D2803BBC200FBF8D7 /* Bundle-Decodable.swift in Sources */ = {isa = PBXBuildFile; fileRef = 43F5429C2803BBC200FBF8D7 /* Bundle-Decodable.swift */; };
/* End PBXBuildFile section */

/* Begin PBXFileReference section */
		4305C12D280526AD003D9EB0 /* CrewMember.swift */ = {isa = PBXFileReference; lastKnownFileType = sourcecode.swift; path = CrewMember.swift; sourceTree = "<group>"; };
		4305C12F28052DE1003D9EB0 /* AstronautView.swift */ = {isa = PBXFileReference; lastKnownFileType = sourcecode.swift; path = AstronautView.swift; sourceTree = "<group>"; };
		430B716E2803298300B3705C /* Moonshot.app */ = {isa = PBXFileReference; explicitFileType = wrapper.application; includeInIndex = 0; path = Moonshot.app; sourceTree = BUILT_PRODUCTS_DIR; };
		430B71712803298300B3705C /* MoonshotApp.swift */ = {isa = PBXFileReference; lastKnownFileType = sourcecode.swift; path = MoonshotApp.swift; sourceTree = "<group>"; };
		430B71732803298300B3705C /* ContentView.swift */ = {isa = PBXFileReference; lastKnownFileType = sourcecode.swift; path = ContentView.swift; sourceTree = "<group>"; };
		430B71752803298700B3705C /* Assets.xcassets */ = {isa = PBXFileReference; lastKnownFileType = folder.assetcatalog; path = Assets.xcassets; sourceTree = "<group>"; };
		430B71782803298700B3705C /* Preview Assets.xcassets */ = {isa = PBXFileReference; lastKnownFileType = folder.assetcatalog; path = "Preview Assets.xcassets"; sourceTree = "<group>"; };
		431055C7280437E3002DF066 /* Color-Theme.swift */ = {isa = PBXFileReference; lastKnownFileType = sourcecode.swift; path = "Color-Theme.swift"; sourceTree = "<group>"; };
		43394A3628046BBF0044BAFB /* MissionView.swift */ = {isa = PBXFileReference; lastKnownFileType = sourcecode.swift; path = MissionView.swift; sourceTree = "<group>"; };
		43F542932803BAD000FBF8D7 /* Missions.swift */ = {isa = PBXFileReference; lastKnownFileType = sourcecode.swift; path = Missions.swift; sourceTree = "<group>"; };
		43F542952803BAEA00FBF8D7 /* Astronauts.swift */ = {isa = PBXFileReference; lastKnownFileType = sourcecode.swift; path = Astronauts.swift; sourceTree = "<group>"; };
		43F542972803BAFA00FBF8D7 /* astronauts.json */ = {isa = PBXFileReference; fileEncoding = 4; lastKnownFileType = text.json; path = astronauts.json; sourceTree = "<group>"; };
		43F542982803BAFA00FBF8D7 /* missions.json */ = {isa = PBXFileReference; fileEncoding = 4; lastKnownFileType = text.json; path = missions.json; sourceTree = "<group>"; };
		43F5429C2803BBC200FBF8D7 /* Bundle-Decodable.swift */ = {isa = PBXFileReference; lastKnownFileType = sourcecode.swift; path = "Bundle-Decodable.swift"; sourceTree = "<group>"; };
/* End PBXFileReference section */

/* Begin PBXFrameworksBuildPhase section */
		430B716B2803298300B3705C /* Frameworks */ = {
			isa = PBXFrameworksBuildPhase;
			buildActionMask = 2147483647;
			files = (
			);
			runOnlyForDeploymentPostprocessing = 0;
		};
/* End PBXFrameworksBuildPhase section */

/* Begin PBXGroup section */
		430B71652803298300B3705C = {
			isa = PBXGroup;
			children = (
				430B71702803298300B3705C /* Moonshot */,
				430B716F2803298300B3705C /* Products */,
			);
			sourceTree = "<group>";
		};
		430B716F2803298300B3705C /* Products */ = {
			isa = PBXGroup;
			children = (
				430B716E2803298300B3705C /* Moonshot.app */,
			);
			name = Products;
			sourceTree = "<group>";
		};
		430B71702803298300B3705C /* Moonshot */ = {
			isa = PBXGroup;
			children = (
				430B71712803298300B3705C /* MoonshotApp.swift */,
				431055C3280436EB002DF066 /* Data */,
				43F542922803BAC200FBF8D7 /* Models */,
				431055C628043728002DF066 /* Views */,
				431055C4280436FE002DF066 /* Controllers */,
				43F5429B2803BBA900FBF8D7 /* Extentions */,
				430B71752803298700B3705C /* Assets.xcassets */,
				430B71772803298700B3705C /* Preview Content */,
			);
			path = Moonshot;
			sourceTree = "<group>";
		};
		430B71772803298700B3705C /* Preview Content */ = {
			isa = PBXGroup;
			children = (
				430B71782803298700B3705C /* Preview Assets.xcassets */,
			);
			path = "Preview Content";
			sourceTree = "<group>";
		};
		431055C3280436EB002DF066 /* Data */ = {
			isa = PBXGroup;
			children = (
				43F542972803BAFA00FBF8D7 /* astronauts.json */,
				43F542982803BAFA00FBF8D7 /* missions.json */,
			);
			path = Data;
			sourceTree = "<group>";
		};
		431055C4280436FE002DF066 /* Controllers */ = {
			isa = PBXGroup;
			children = (
			);
			path = Controllers;
			sourceTree = "<group>";
		};
		431055C628043728002DF066 /* Views */ = {
			isa = PBXGroup;
			children = (
				430B71732803298300B3705C /* ContentView.swift */,
				43394A3628046BBF0044BAFB /* MissionView.swift */,
				4305C12F28052DE1003D9EB0 /* AstronautView.swift */,
			);
			path = Views;
			sourceTree = "<group>";
		};
		43F542922803BAC200FBF8D7 /* Models */ = {
			isa = PBXGroup;
			children = (
				43F542932803BAD000FBF8D7 /* Missions.swift */,
				43F542952803BAEA00FBF8D7 /* Astronauts.swift */,
				4305C12D280526AD003D9EB0 /* CrewMember.swift */,
			);
			path = Models;
			sourceTree = "<group>";
		};
		43F5429B2803BBA900FBF8D7 /* Extentions */ = {
			isa = PBXGroup;
			children = (
				43F5429C2803BBC200FBF8D7 /* Bundle-Decodable.swift */,
				431055C7280437E3002DF066 /* Color-Theme.swift */,
			);
			path = Extentions;
			sourceTree = "<group>";
		};
/* End PBXGroup section */

/* Begin PBXNativeTarget section */
		430B716D2803298300B3705C /* Moonshot */ = {
			isa = PBXNativeTarget;
			buildConfigurationList = 430B717C2803298700B3705C /* Build configuration list for PBXNativeTarget "Moonshot" */;
			buildPhases = (
				430B716A2803298300B3705C /* Sources */,
				430B716B2803298300B3705C /* Frameworks */,
				430B716C2803298300B3705C /* Resources */,
			);
			buildRules = (
			);
			dependencies = (
			);
			name = Moonshot;
			productName = Moonshot;
			productReference = 430B716E2803298300B3705C /* Moonshot.app */;
			productType = "com.apple.product-type.application";
		};
/* End PBXNativeTarget section */

/* Begin PBXProject section */
		430B71662803298300B3705C /* Project object */ = {
			isa = PBXProject;
			attributes = {
				BuildIndependentTargetsInParallel = 1;
				LastSwiftUpdateCheck = 1310;
				LastUpgradeCheck = 1310;
				TargetAttributes = {
					430B716D2803298300B3705C = {
						CreatedOnToolsVersion = 13.1;
					};
				};
			};
			buildConfigurationList = 430B71692803298300B3705C /* Build configuration list for PBXProject "Moonshot" */;
			compatibilityVersion = "Xcode 13.0";
			developmentRegion = en;
			hasScannedForEncodings = 0;
			knownRegions = (
				en,
				Base,
			);
			mainGroup = 430B71652803298300B3705C;
			productRefGroup = 430B716F2803298300B3705C /* Products */;
			projectDirPath = "";
			projectRoot = "";
			targets = (
				430B716D2803298300B3705C /* Moonshot */,
			);
		};
/* End PBXProject section */

/* Begin PBXResourcesBuildPhase section */
		430B716C2803298300B3705C /* Resources */ = {
			isa = PBXResourcesBuildPhase;
			buildActionMask = 2147483647;
			files = (
				43F542992803BAFA00FBF8D7 /* astronauts.json in Resources */,
				430B71792803298700B3705C /* Preview Assets.xcassets in Resources */,
				43F5429A2803BAFA00FBF8D7 /* missions.json in Resources */,
				430B71762803298700B3705C /* Assets.xcassets in Resources */,
			);
			runOnlyForDeploymentPostprocessing = 0;
		};
/* End PBXResourcesBuildPhase section */

/* Begin PBXSourcesBuildPhase section */
		430B716A2803298300B3705C /* Sources */ = {
			isa = PBXSourcesBuildPhase;
			buildActionMask = 2147483647;
			files = (
				43394A3728046BBF0044BAFB /* MissionView.swift in Sources */,
				4305C13028052DE1003D9EB0 /* AstronautView.swift in Sources */,
				43F542942803BAD000FBF8D7 /* Missions.swift in Sources */,
				431055C8280437E3002DF066 /* Color-Theme.swift in Sources */,
				430B71742803298300B3705C /* ContentView.swift in Sources */,
				4305C12E280526AD003D9EB0 /* CrewMember.swift in Sources */,
				43F5429D2803BBC200FBF8D7 /* Bundle-Decodable.swift in Sources */,
				430B71722803298300B3705C /* MoonshotApp.swift in Sources */,
				43F542962803BAEA00FBF8D7 /* Astronauts.swift in Sources */,
			);
			runOnlyForDeploymentPostprocessing = 0;
		};
/* End PBXSourcesBuildPhase section */

/* Begin XCBuildConfiguration section */
		430B717A2803298700B3705C /* Debug */ = {
			isa = XCBuildConfiguration;
			buildSettings = {
				ALWAYS_SEARCH_USER_PATHS = NO;
				CLANG_ANALYZER_NONNULL = YES;
				CLANG_ANALYZER_NUMBER_OBJECT_CONVERSION = YES_AGGRESSIVE;
				CLANG_CXX_LANGUAGE_STANDARD = "gnu++17";
				CLANG_CXX_LIBRARY = "libc++";
				CLANG_ENABLE_MODULES = YES;
				CLANG_ENABLE_OBJC_ARC = YES;
				CLANG_ENABLE_OBJC_WEAK = YES;
				CLANG_WARN_BLOCK_CAPTURE_AUTORELEASING = YES;
				CLANG_WARN_BOOL_CONVERSION = YES;
				CLANG_WARN_COMMA = YES;
				CLANG_WARN_CONSTANT_CONVERSION = YES;
				CLANG_WARN_DEPRECATED_OBJC_IMPLEMENTATIONS = YES;
				CLANG_WARN_DIRECT_OBJC_ISA_USAGE = YES_ERROR;
				CLANG_WARN_DOCUMENTATION_COMMENTS = YES;
				CLANG_WARN_EMPTY_BODY = YES;
				CLANG_WARN_ENUM_CONVERSION = YES;
				CLANG_WARN_INFINITE_RECURSION = YES;
				CLANG_WARN_INT_CONVERSION = YES;
				CLANG_WARN_NON_LITERAL_NULL_CONVERSION = YES;
				CLANG_WARN_OBJC_IMPLICIT_RETAIN_SELF = YES;
				CLANG_WARN_OBJC_LITERAL_CONVERSION = YES;
				CLANG_WARN_OBJC_ROOT_CLASS = YES_ERROR;
				CLANG_WARN_QUOTED_INCLUDE_IN_FRAMEWORK_HEADER = YES;
				CLANG_WARN_RANGE_LOOP_ANALYSIS = YES;
				CLANG_WARN_STRICT_PROTOTYPES = YES;
				CLANG_WARN_SUSPICIOUS_MOVE = YES;
				CLANG_WARN_UNGUARDED_AVAILABILITY = YES_AGGRESSIVE;
				CLANG_WARN_UNREACHABLE_CODE = YES;
				CLANG_WARN__DUPLICATE_METHOD_MATCH = YES;
				COPY_PHASE_STRIP = NO;
				DEBUG_INFORMATION_FORMAT = dwarf;
				ENABLE_STRICT_OBJC_MSGSEND = YES;
				ENABLE_TESTABILITY = YES;
				GCC_C_LANGUAGE_STANDARD = gnu11;
				GCC_DYNAMIC_NO_PIC = NO;
				GCC_NO_COMMON_BLOCKS = YES;
				GCC_OPTIMIZATION_LEVEL = 0;
				GCC_PREPROCESSOR_DEFINITIONS = (
					"DEBUG=1",
					"$(inherited)",
				);
				GCC_WARN_64_TO_32_BIT_CONVERSION = YES;
				GCC_WARN_ABOUT_RETURN_TYPE = YES_ERROR;
				GCC_WARN_UNDECLARED_SELECTOR = YES;
				GCC_WARN_UNINITIALIZED_AUTOS = YES_AGGRESSIVE;
				GCC_WARN_UNUSED_FUNCTION = YES;
				GCC_WARN_UNUSED_VARIABLE = YES;
				IPHONEOS_DEPLOYMENT_TARGET = 15.0;
				MTL_ENABLE_DEBUG_INFO = INCLUDE_SOURCE;
				MTL_FAST_MATH = YES;
				ONLY_ACTIVE_ARCH = YES;
				SDKROOT = iphoneos;
				SWIFT_ACTIVE_COMPILATION_CONDITIONS = DEBUG;
				SWIFT_OPTIMIZATION_LEVEL = "-Onone";
			};
			name = Debug;
		};
		430B717B2803298700B3705C /* Release */ = {
			isa = XCBuildConfiguration;
			buildSettings = {
				ALWAYS_SEARCH_USER_PATHS = NO;
				CLANG_ANALYZER_NONNULL = YES;
				CLANG_ANALYZER_NUMBER_OBJECT_CONVERSION = YES_AGGRESSIVE;
				CLANG_CXX_LANGUAGE_STANDARD = "gnu++17";
				CLANG_CXX_LIBRARY = "libc++";
				CLANG_ENABLE_MODULES = YES;
				CLANG_ENABLE_OBJC_ARC = YES;
				CLANG_ENABLE_OBJC_WEAK = YES;
				CLANG_WARN_BLOCK_CAPTURE_AUTORELEASING = YES;
				CLANG_WARN_BOOL_CONVERSION = YES;
				CLANG_WARN_COMMA = YES;
				CLANG_WARN_CONSTANT_CONVERSION = YES;
				CLANG_WARN_DEPRECATED_OBJC_IMPLEMENTATIONS = YES;
				CLANG_WARN_DIRECT_OBJC_ISA_USAGE = YES_ERROR;
				CLANG_WARN_DOCUMENTATION_COMMENTS = YES;
				CLANG_WARN_EMPTY_BODY = YES;
				CLANG_WARN_ENUM_CONVERSION = YES;
				CLANG_WARN_INFINITE_RECURSION = YES;
				CLANG_WARN_INT_CONVERSION = YES;
				CLANG_WARN_NON_LITERAL_NULL_CONVERSION = YES;
				CLANG_WARN_OBJC_IMPLICIT_RETAIN_SELF = YES;
				CLANG_WARN_OBJC_LITERAL_CONVERSION = YES;
				CLANG_WARN_OBJC_ROOT_CLASS = YES_ERROR;
				CLANG_WARN_QUOTED_INCLUDE_IN_FRAMEWORK_HEADER = YES;
				CLANG_WARN_RANGE_LOOP_ANALYSIS = YES;
				CLANG_WARN_STRICT_PROTOTYPES = YES;
				CLANG_WARN_SUSPICIOUS_MOVE = YES;
				CLANG_WARN_UNGUARDED_AVAILABILITY = YES_AGGRESSIVE;
				CLANG_WARN_UNREACHABLE_CODE = YES;
				CLANG_WARN__DUPLICATE_METHOD_MATCH = YES;
				COPY_PHASE_STRIP = NO;
				DEBUG_INFORMATION_FORMAT = "dwarf-with-dsym";
				ENABLE_NS_ASSERTIONS = NO;
				ENABLE_STRICT_OBJC_MSGSEND = YES;
				GCC_C_LANGUAGE_STANDARD = gnu11;
				GCC_NO_COMMON_BLOCKS = YES;
				GCC_WARN_64_TO_32_BIT_CONVERSION = YES;
				GCC_WARN_ABOUT_RETURN_TYPE = YES_ERROR;
				GCC_WARN_UNDECLARED_SELECTOR = YES;
				GCC_WARN_UNINITIALIZED_AUTOS = YES_AGGRESSIVE;
				GCC_WARN_UNUSED_FUNCTION = YES;
				GCC_WARN_UNUSED_VARIABLE = YES;
				IPHONEOS_DEPLOYMENT_TARGET = 15.0;
				MTL_ENABLE_DEBUG_INFO = NO;
				MTL_FAST_MATH = YES;
				SDKROOT = iphoneos;
				SWIFT_COMPILATION_MODE = wholemodule;
				SWIFT_OPTIMIZATION_LEVEL = "-O";
				VALIDATE_PRODUCT = YES;
			};
			name = Release;
		};
		430B717D2803298700B3705C /* Debug */ = {
			isa = XCBuildConfiguration;
			buildSettings = {
				ASSETCATALOG_COMPILER_APPICON_NAME = AppIcon;
				ASSETCATALOG_COMPILER_GLOBAL_ACCENT_COLOR_NAME = AccentColor;
				CODE_SIGN_STYLE = Automatic;
				CURRENT_PROJECT_VERSION = 1;
				DEVELOPMENT_ASSET_PATHS = "\"Moonshot/Preview Content\"";
				DEVELOPMENT_TEAM = TMA4DAFX85;
				ENABLE_PREVIEWS = YES;
				GENERATE_INFOPLIST_FILE = YES;
				INFOPLIST_KEY_UIApplicationSceneManifest_Generation = YES;
				INFOPLIST_KEY_UIApplicationSupportsIndirectInputEvents = YES;
				INFOPLIST_KEY_UILaunchScreen_Generation = YES;
				INFOPLIST_KEY_UISupportedInterfaceOrientations_iPad = "UIInterfaceOrientationPortrait UIInterfaceOrientationPortraitUpsideDown UIInterfaceOrientationLandscapeLeft UIInterfaceOrientationLandscapeRight";
				INFOPLIST_KEY_UISupportedInterfaceOrientations_iPhone = "UIInterfaceOrientationPortrait UIInterfaceOrientationLandscapeLeft UIInterfaceOrientationLandscapeRight";
				LD_RUNPATH_SEARCH_PATHS = (
					"$(inherited)",
					"@executable_path/Frameworks",
				);
				MARKETING_VERSION = 1.0;
				PRODUCT_BUNDLE_IDENTIFIER = "ic-developer.web.app.Moonshot";
				PRODUCT_NAME = "$(TARGET_NAME)";
				SWIFT_EMIT_LOC_STRINGS = YES;
				SWIFT_VERSION = 5.0;
				TARGETED_DEVICE_FAMILY = "1,2";
			};
			name = Debug;
		};
		430B717E2803298700B3705C /* Release */ = {
			isa = XCBuildConfiguration;
			buildSettings = {
				ASSETCATALOG_COMPILER_APPICON_NAME = AppIcon;
				ASSETCATALOG_COMPILER_GLOBAL_ACCENT_COLOR_NAME = AccentColor;
				CODE_SIGN_STYLE = Automatic;
				CURRENT_PROJECT_VERSION = 1;
				DEVELOPMENT_ASSET_PATHS = "\"Moonshot/Preview Content\"";
				DEVELOPMENT_TEAM = TMA4DAFX85;
				ENABLE_PREVIEWS = YES;
				GENERATE_INFOPLIST_FILE = YES;
				INFOPLIST_KEY_UIApplicationSceneManifest_Generation = YES;
				INFOPLIST_KEY_UIApplicationSupportsIndirectInputEvents = YES;
				INFOPLIST_KEY_UILaunchScreen_Generation = YES;
				INFOPLIST_KEY_UISupportedInterfaceOrientations_iPad = "UIInterfaceOrientationPortrait UIInterfaceOrientationPortraitUpsideDown UIInterfaceOrientationLandscapeLeft UIInterfaceOrientationLandscapeRight";
				INFOPLIST_KEY_UISupportedInterfaceOrientations_iPhone = "UIInterfaceOrientationPortrait UIInterfaceOrientationLandscapeLeft UIInterfaceOrientationLandscapeRight";
				LD_RUNPATH_SEARCH_PATHS = (
					"$(inherited)",
					"@executable_path/Frameworks",
				);
				MARKETING_VERSION = 1.0;
				PRODUCT_BUNDLE_IDENTIFIER = "ic-developer.web.app.Moonshot";
				PRODUCT_NAME = "$(TARGET_NAME)";
				SWIFT_EMIT_LOC_STRINGS = YES;
				SWIFT_VERSION = 5.0;
				TARGETED_DEVICE_FAMILY = "1,2";
			};
			name = Release;
		};
/* End XCBuildConfiguration section */

/* Begin XCConfigurationList section */
		430B71692803298300B3705C /* Build configuration list for PBXProject "Moonshot" */ = {
			isa = XCConfigurationList;
			buildConfigurations = (
				430B717A2803298700B3705C /* Debug */,
				430B717B2803298700B3705C /* Release */,
			);
			defaultConfigurationIsVisible = 0;
			defaultConfigurationName = Release;
		};
		430B717C2803298700B3705C /* Build configuration list for PBXNativeTarget "Moonshot" */ = {
			isa = XCConfigurationList;
			buildConfigurations = (
				430B717D2803298700B3705C /* Debug */,
				430B717E2803298700B3705C /* Release */,
			);
			defaultConfigurationIsVisible = 0;
			defaultConfigurationName = Release;
		};
/* End XCConfigurationList section */
	};
	rootObject = 430B71662803298300B3705C /* Project object */;
}
